
Microsoft Visual Studio Solution File, Format Version 12.00
# Visual Studio Version 17
VisualStudioVersion = 17.11.35303.130
MinimumVisualStudioVersion = 10.0.40219.1
Project("{FAE04EC0-301F-11D3-BF4B-00C04F79EFBC}") = "BlazorQuickGrid", "BlazorQuickGrid\BlazorQuickGrid.csproj", "{0620BE7A-DF41-46D2-AB2F-FFC3A73EC50A}"
EndProject
Global
	GlobalSection(SolutionConfigurationPlatforms) = preSolution
		Debug|Any CPU = Debug|Any CPU
		Release|Any CPU = Release|Any CPU
	EndGlobalSection
	GlobalSection(ProjectConfigurationPlatforms) = postSolution
		{0620BE7A-DF41-46D2-AB2F-FFC3A73EC50A}.Debug|Any CPU.ActiveCfg = Debug|Any CPU
		{0620BE7A-DF41-46D2-AB2F-FFC3A73EC50A}.Debug|Any CPU.Build.0 = Debug|Any CPU
		{0620BE7A-DF41-46D2-AB2F-FFC3A73EC50A}.Release|Any CPU.ActiveCfg = Release|Any CPU
		{0620BE7A-DF41-46D2-AB2F-FFC3A73EC50A}.Release|Any CPU.Build.0 = Release|Any CPU
	EndGlobalSection
	GlobalSection(SolutionProperties) = preSolution
		HideSolutionNode = FALSE
	EndGlobalSection
	GlobalSection(ExtensibilityGlobals) = postSolution
		SolutionGuid = {28F210A9-8AA9-42C1-8C17-972129A39E37}
	EndGlobalSection
EndGlobal
